
Microsoft Visual Studio Solution File, Format Version 12.00
# Visual Studio Version 17
VisualStudioVersion = 17.2.32526.322
MinimumVisualStudioVersion = 10.0.40219.1
Project("{FAE04EC0-301F-11D3-BF4B-00C04F79EFBC}") = "SF2022User{19}Lib", "SF2022User{19}Lib\SF2022User{19}Lib.csproj", "{036DC1F9-E89E-4AC8-91F5-0A9F70F2E5B5}"
EndProject
Global
	GlobalSection(SolutionConfigurationPlatforms) = preSolution
		Debug|Any CPU = Debug|Any CPU
		Release|Any CPU = Release|Any CPU
	EndGlobalSection
	GlobalSection(ProjectConfigurationPlatforms) = postSolution
		{036DC1F9-E89E-4AC8-91F5-0A9F70F2E5B5}.Debug|Any CPU.ActiveCfg = Debug|Any CPU
		{036DC1F9-E89E-4AC8-91F5-0A9F70F2E5B5}.Debug|Any CPU.Build.0 = Debug|Any CPU
		{036DC1F9-E89E-4AC8-91F5-0A9F70F2E5B5}.Release|Any CPU.ActiveCfg = Release|Any CPU
		{036DC1F9-E89E-4AC8-91F5-0A9F70F2E5B5}.Release|Any CPU.Build.0 = Release|Any CPU
	EndGlobalSection
	GlobalSection(SolutionProperties) = preSolution
		HideSolutionNode = FALSE
	EndGlobalSection
	GlobalSection(ExtensibilityGlobals) = postSolution
		SolutionGuid = {640865DD-FC4F-4C34-A53B-DD9602737064}
	EndGlobalSection
EndGlobal
